
Microsoft Visual Studio Solution File, Format Version 12.00
# Visual Studio Version 16
VisualStudioVersion = 16.0.32002.261
MinimumVisualStudioVersion = 10.0.40219.1
Project("{F184B08F-C81C-45F6-A57F-5ABD9991F28F}") = "ColorTest", "ColorTest\ColorTest.vbproj", "{E659EA3D-3C22-47C1-AEBE-4E660C5EE258}"
EndProject
Global
	GlobalSection(SolutionConfigurationPlatforms) = preSolution
		Debug|Any CPU = Debug|Any CPU
		Release|Any CPU = Release|Any CPU
	EndGlobalSection
	GlobalSection(ProjectConfigurationPlatforms) = postSolution
		{E659EA3D-3C22-47C1-AEBE-4E660C5EE258}.Debug|Any CPU.ActiveCfg = Debug|Any CPU
		{E659EA3D-3C22-47C1-AEBE-4E660C5EE258}.Debug|Any CPU.Build.0 = Debug|Any CPU
		{E659EA3D-3C22-47C1-AEBE-4E660C5EE258}.Release|Any CPU.ActiveCfg = Release|Any CPU
		{E659EA3D-3C22-47C1-AEBE-4E660C5EE258}.Release|Any CPU.Build.0 = Release|Any CPU
	EndGlobalSection
	GlobalSection(SolutionProperties) = preSolution
		HideSolutionNode = FALSE
	EndGlobalSection
	GlobalSection(ExtensibilityGlobals) = postSolution
		SolutionGuid = {04028ED5-D55F-43BC-99AD-32CFCCD63E91}
	EndGlobalSection
EndGlobal
